// !$*UTF8*$!
{
	archiveVersion = 1;
	classes = {
	};
	objectVersion = 77;
	objects = {

/* Begin PBXContainerItemProxy section */
		95A8A0BC2F2B522400A85399 /* PBXContainerItemProxy */ = {
			isa = PBXContainerItemProxy;
			containerPortal = 95A8A0A62F2B522400A85399 /* Project object */;
			proxyType = 1;
			remoteGlobalIDString = 95A8A0AD2F2B522400A85399;
			remoteInfo = AlNaham;
		};
		95A8A0C62F2B522400A85399 /* PBXContainerItemProxy */ = {
			isa = PBXContainerItemProxy;
			containerPortal = 95A8A0A62F2B522400A85399 /* Project object */;
			proxyType = 1;
			remoteGlobalIDString = 95A8A0AD2F2B522400A85399;
			remoteInfo = AlNaham;
		};
/* End PBXContainerItemProxy section */

/* Begin PBXFileReference section */
		95A8A0AE2F2B522400A85399 /* AlNaham.app */ = {isa = PBXFileReference; explicitFileType = wrapper.application; includeInIndex = 0; path = AlNaham.app; sourceTree = BUILT_PRODUCTS_DIR; };
		95A8A0BB2F2B522400A85399 /* AlNahamTests.xctest */ = {isa = PBXFileReference; explicitFileType = wrapper.cfbundle; includeInIndex = 0; path = AlNahamTests.xctest; sourceTree = BUILT_PRODUCTS_DIR; };
		95A8A0C52F2B522400A85399 /* AlNahamUITests.xctest */ = {isa = PBXFileReference; explicitFileType = wrapper.cfbundle; includeInIndex = 0; path = AlNahamUITests.xctest; sourceTree = BUILT_PRODUCTS_DIR; };
/* End PBXFileReference section */

/* Begin PBXFileSystemSynchronizedBuildFileExceptionSet section */
		6BA3F6B02F33FCC100B56CF3 /* Exceptions for "AlNaham" folder in "AlNaham" target */ = {
			isa = PBXFileSystemSynchronizedBuildFileExceptionSet;
			membershipExceptions = (
				Info.plist,
			);
			target = 95A8A0AD2F2B522400A85399 /* AlNaham */;
		};
		6BA3F6B12F33FDC700B56CF3 /* Exceptions for "AlNaham" folder in "AlNahamTests" target */ = {
			isa = PBXFileSystemSynchronizedBuildFileExceptionSet;
			membershipExceptions = (
				Waseem.ttc,
			);
			target = 95A8A0BA2F2B522400A85399 /* AlNahamTests */;
		};
		6BA3F6B22F33FDC700B56CF3 /* Exceptions for "AlNaham" folder in "AlNahamUITests" target */ = {
			isa = PBXFileSystemSynchronizedBuildFileExceptionSet;
			membershipExceptions = (
				Waseem.ttc,
			);
			target = 95A8A0C42F2B522400A85399 /* AlNahamUITests */;
		};
/* End PBXFileSystemSynchronizedBuildFileExceptionSet section */

/* Begin PBXFileSystemSynchronizedRootGroup section */
		95A8A0B02F2B522400A85399 /* AlNaham */ = {
			isa = PBXFileSystemSynchronizedRootGroup;
			exceptions = (
				6BA3F6B02F33FCC100B56CF3 /* Exceptions for "AlNaham" folder in "AlNaham" target */,
				6BA3F6B12F33FDC700B56CF3 /* Exceptions for "AlNaham" folder in "AlNahamTests" target */,
				6BA3F6B22F33FDC700B56CF3 /* Exceptions for "AlNaham" folder in "AlNahamUITests" target */,
			);
			path = AlNaham;
			sourceTree = "<group>";
		};
		95A8A0BE2F2B522400A85399 /* AlNahamTests */ = {
			isa = PBXFileSystemSynchronizedRootGroup;
			path = AlNahamTests;
			sourceTree = "<group>";
		};
		95A8A0C82F2B522400A85399 /* AlNahamUITests */ = {
			isa = PBXFileSystemSynchronizedRootGroup;
			path = AlNahamUITests;
			sourceTree = "<group>";
		};
/* End PBXFileSystemSynchronizedRootGroup section */

/* Begin PBXFrameworksBuildPhase section */
		95A8A0AB2F2B522400A85399 /* Frameworks */ = {
			isa = PBXFrameworksBuildPhase;
			buildActionMask = 2147483647;
			files = (
			);
			runOnlyForDeploymentPostprocessing = 0;
		};
		95A8A0B82F2B522400A85399 /* Frameworks */ = {
			isa = PBXFrameworksBuildPhase;
			buildActionMask = 2147483647;
			files = (
			);
			runOnlyForDeploymentPostprocessing = 0;
		};
		95A8A0C22F2B522400A85399 /* Frameworks */ = {
			isa = PBXFrameworksBuildPhase;
			buildActionMask = 2147483647;
			files = (
			);
			runOnlyForDeploymentPostprocessing = 0;
		};
/* End PBXFrameworksBuildPhase section */

/* Begin PBXGroup section */
		95A8A0A52F2B522400A85399 = {
			isa = PBXGroup;
			children = (
				95A8A0B02F2B522400A85399 /* AlNaham */,
				95A8A0BE2F2B522400A85399 /* AlNahamTests */,
				95A8A0C82F2B522400A85399 /* AlNahamUITests */,
				95A8A0AF2F2B522400A85399 /* Products */,
			);
			sourceTree = "<group>";
		};
		95A8A0AF2F2B522400A85399 /* Products */ = {
			isa = PBXGroup;
			children = (
				95A8A0AE2F2B522400A85399 /* AlNaham.app */,
				95A8A0BB2F2B522400A85399 /* AlNahamTests.xctest */,
				95A8A0C52F2B522400A85399 /* AlNahamUITests.xctest */,
			);
			name = Products;
			sourceTree = "<group>";
		};
/* End PBXGroup section */

/* Begin PBXNativeTarget section */
		95A8A0AD2F2B522400A85399 /* AlNaham */ = {
			isa = PBXNativeTarget;
			buildConfigurationList = 95A8A0CF2F2B522400A85399 /* Build configuration list for PBXNativeTarget "AlNaham" */;
			buildPhases = (
				95A8A0AA2F2B522400A85399 /* Sources */,
				95A8A0AB2F2B522400A85399 /* Frameworks */,
				95A8A0AC2F2B522400A85399 /* Resources */,
			);
			buildRules = (
			);
			dependencies = (
			);
			fileSystemSynchronizedGroups = (
				95A8A0B02F2B522400A85399 /* AlNaham */,
			);
			name = AlNaham;
			packageProductDependencies = (
			);
			productName = AlNaham;
			productReference = 95A8A0AE2F2B522400A85399 /* AlNaham.app */;
			productType = "com.apple.product-type.application";
		};
		95A8A0BA2F2B522400A85399 /* AlNahamTests */ = {
			isa = PBXNativeTarget;
			buildConfigurationList = 95A8A0D22F2B522400A85399 /* Build configuration list for PBXNativeTarget "AlNahamTests" */;
			buildPhases = (
				95A8A0B72F2B522400A85399 /* Sources */,
				95A8A0B82F2B522400A85399 /* Frameworks */,
				95A8A0B92F2B522400A85399 /* Resources */,
			);
			buildRules = (
			);
			dependencies = (
				95A8A0BD2F2B522400A85399 /* PBXTargetDependency */,
			);
			fileSystemSynchronizedGroups = (
				95A8A0BE2F2B522400A85399 /* AlNahamTests */,
			);
			name = AlNahamTests;
			packageProductDependencies = (
			);
			productName = AlNahamTests;
			productReference = 95A8A0BB2F2B522400A85399 /* AlNahamTests.xctest */;
			productType = "com.apple.product-type.bundle.unit-test";
		};
		95A8A0C42F2B522400A85399 /* AlNahamUITests */ = {
			isa = PBXNativeTarget;
			buildConfigurationList = 95A8A0D52F2B522400A85399 /* Build configuration list for PBXNativeTarget "AlNahamUITests" */;
			buildPhases = (
				95A8A0C12F2B522400A85399 /* Sources */,
				95A8A0C22F2B522400A85399 /* Frameworks */,
				95A8A0C32F2B522400A85399 /* Resources */,
			);
			buildRules = (
			);
			dependencies = (
				95A8A0C72F2B522400A85399 /* PBXTargetDependency */,
			);
			fileSystemSynchronizedGroups = (
				95A8A0C82F2B522400A85399 /* AlNahamUITests */,
			);
			name = AlNahamUITests;
			packageProductDependencies = (
			);
			productName = AlNahamUITests;
			productReference = 95A8A0C52F2B522400A85399 /* AlNahamUITests.xctest */;
			productType = "com.apple.product-type.bundle.ui-testing";
		};
/* End PBXNativeTarget section */

/* Begin PBXProject section */
		95A8A0A62F2B522400A85399 /* Project object */ = {
			isa = PBXProject;
			attributes = {
				BuildIndependentTargetsInParallel = 1;
				LastSwiftUpdateCheck = 2600;
				LastUpgradeCheck = 2600;
				TargetAttributes = {
					95A8A0AD2F2B522400A85399 = {
						CreatedOnToolsVersion = 26.0.1;
					};
					95A8A0BA2F2B522400A85399 = {
						CreatedOnToolsVersion = 26.0.1;
						TestTargetID = 95A8A0AD2F2B522400A85399;
					};
					95A8A0C42F2B522400A85399 = {
						CreatedOnToolsVersion = 26.0.1;
						TestTargetID = 95A8A0AD2F2B522400A85399;
					};
				};
			};
			buildConfigurationList = 95A8A0A92F2B522400A85399 /* Build configuration list for PBXProject "AlNaham" */;
			developmentRegion = en;
			hasScannedForEncodings = 0;
			knownRegions = (
				en,
				Base,
			);
			mainGroup = 95A8A0A52F2B522400A85399;
			minimizedProjectReferenceProxies = 1;
			preferredProjectObjectVersion = 77;
			productRefGroup = 95A8A0AF2F2B522400A85399 /* Products */;
			projectDirPath = "";
			projectRoot = "";
			targets = (
				95A8A0AD2F2B522400A85399 /* AlNaham */,
				95A8A0BA2F2B522400A85399 /* AlNahamTests */,
				95A8A0C42F2B522400A85399 /* AlNahamUITests */,
			);
		};
/* End PBXProject section */

/* Begin PBXResourcesBuildPhase section */
		95A8A0AC2F2B522400A85399 /* Resources */ = {
			isa = PBXResourcesBuildPhase;
			buildActionMask = 2147483647;
			files = (
			);
			runOnlyForDeploymentPostprocessing = 0;
		};
		95A8A0B92F2B522400A85399 /* Resources */ = {
			isa = PBXResourcesBuildPhase;
			buildActionMask = 2147483647;
			files = (
			);
			runOnlyForDeploymentPostprocessing = 0;
		};
		95A8A0C32F2B522400A85399 /* Resources */ = {
			isa = PBXResourcesBuildPhase;
			buildActionMask = 2147483647;
			files = (
			);
			runOnlyForDeploymentPostprocessing = 0;
		};
/* End PBXResourcesBuildPhase section */

/* Begin PBXSourcesBuildPhase section */
		95A8A0AA2F2B522400A85399 /* Sources */ = {
			isa = PBXSourcesBuildPhase;
			buildActionMask = 2147483647;
			files = (
			);
			runOnlyForDeploymentPostprocessing = 0;
		};
		95A8A0B72F2B522400A85399 /* Sources */ = {
			isa = PBXSourcesBuildPhase;
			buildActionMask = 2147483647;
			files = (
			);
			runOnlyForDeploymentPostprocessing = 0;
		};
		95A8A0C12F2B522400A85399 /* Sources */ = {
			isa = PBXSourcesBuildPhase;
			buildActionMask = 2147483647;
			files = (
			);
			runOnlyForDeploymentPostprocessing = 0;
		};
/* End PBXSourcesBuildPhase section */

/* Begin PBXTargetDependency section */
		95A8A0BD2F2B522400A85399 /* PBXTargetDependency */ = {
			isa = PBXTargetDependency;
			target = 95A8A0AD2F2B522400A85399 /* AlNaham */;
			targetProxy = 95A8A0BC2F2B522400A85399 /* PBXContainerItemProxy */;
		};
		95A8A0C72F2B522400A85399 /* PBXTargetDependency */ = {
			isa = PBXTargetDependency;
			target = 95A8A0AD2F2B522400A85399 /* AlNaham */;
			targetProxy = 95A8A0C62F2B522400A85399 /* PBXContainerItemProxy */;
		};
/* End PBXTargetDependency section */

/* Begin XCBuildConfiguration section */
		95A8A0CD2F2B522400A85399 /* Debug */ = {
			isa = XCBuildConfiguration;
			buildSettings = {
				ALWAYS_SEARCH_USER_PATHS = NO;
				ASSETCATALOG_COMPILER_GENERATE_SWIFT_ASSET_SYMBOL_EXTENSIONS = YES;
				CLANG_ANALYZER_NONNULL = YES;
				CLANG_ANALYZER_NUMBER_OBJECT_CONVERSION = YES_AGGRESSIVE;
				CLANG_CXX_LANGUAGE_STANDARD = "gnu++20";
				CLANG_ENABLE_MODULES = YES;
				CLANG_ENABLE_OBJC_ARC = YES;
				CLANG_ENABLE_OBJC_WEAK = YES;
				CLANG_WARN_BLOCK_CAPTURE_AUTORELEASING = YES;
				CLANG_WARN_BOOL_CONVERSION = YES;
				CLANG_WARN_COMMA = YES;
				CLANG_WARN_CONSTANT_CONVERSION = YES;
				CLANG_WARN_DEPRECATED_OBJC_IMPLEMENTATIONS = YES;
				CLANG_WARN_DIRECT_OBJC_ISA_USAGE = YES_ERROR;
				CLANG_WARN_DOCUMENTATION_COMMENTS = YES;
				CLANG_WARN_EMPTY_BODY = YES;
				CLANG_WARN_ENUM_CONVERSION = YES;
				CLANG_WARN_INFINITE_RECURSION = YES;
				CLANG_WARN_INT_CONVERSION = YES;
				CLANG_WARN_NON_LITERAL_NULL_CONVERSION = YES;
				CLANG_WARN_OBJC_IMPLICIT_RETAIN_SELF = YES;
				CLANG_WARN_OBJC_LITERAL_CONVERSION = YES;
				CLANG_WARN_OBJC_ROOT_CLASS = YES_ERROR;
				CLANG_WARN_QUOTED_INCLUDE_IN_FRAMEWORK_HEADER = YES;
				CLANG_WARN_RANGE_LOOP_ANALYSIS = YES;
				CLANG_WARN_STRICT_PROTOTYPES = YES;
				CLANG_WARN_SUSPICIOUS_MOVE = YES;
				CLANG_WARN_UNGUARDED_AVAILABILITY = YES_AGGRESSIVE;
				CLANG_WARN_UNREACHABLE_CODE = YES;
				CLANG_WARN__DUPLICATE_METHOD_MATCH = YES;
				COPY_PHASE_STRIP = NO;
				DEBUG_INFORMATION_FORMAT = dwarf;
				DEVELOPMENT_TEAM = 532LKBA8VZ;
				ENABLE_STRICT_OBJC_MSGSEND = YES;
				ENABLE_TESTABILITY = YES;
				ENABLE_USER_SCRIPT_SANDBOXING = YES;
				GCC_C_LANGUAGE_STANDARD = gnu17;
				GCC_DYNAMIC_NO_PIC = NO;
				GCC_NO_COMMON_BLOCKS = YES;
				GCC_OPTIMIZATION_LEVEL = 0;
				GCC_PREPROCESSOR_DEFINITIONS = (
					"DEBUG=1",
					"$(inherited)",
				);
				GCC_WARN_64_TO_32_BIT_CONVERSION = YES;
				GCC_WARN_ABOUT_RETURN_TYPE = YES_ERROR;
				GCC_WARN_UNDECLARED_SELECTOR = YES;
				GCC_WARN_UNINITIALIZED_AUTOS = YES_AGGRESSIVE;
				GCC_WARN_UNUSED_FUNCTION = YES;
				GCC_WARN_UNUSED_VARIABLE = YES;
				IPHONEOS_DEPLOYMENT_TARGET = 26.0;
				LOCALIZATION_PREFERS_STRING_CATALOGS = YES;
				MTL_ENABLE_DEBUG_INFO = INCLUDE_SOURCE;
				MTL_FAST_MATH = YES;
				ONLY_ACTIVE_ARCH = YES;
				SDKROOT = iphoneos;
				SWIFT_ACTIVE_COMPILATION_CONDITIONS = "DEBUG $(inherited)";
				SWIFT_OPTIMIZATION_LEVEL = "-Onone";
			};
			name = Debug;
		};
		95A8A0CE2F2B522400A85399 /* Release */ = {
			isa = XCBuildConfiguration;
			buildSettings = {
				ALWAYS_SEARCH_USER_PATHS = NO;
				ASSETCATALOG_COMPILER_GENERATE_SWIFT_ASSET_SYMBOL_EXTENSIONS = YES;
				CLANG_ANALYZER_NONNULL = YES;
				CLANG_ANALYZER_NUMBER_OBJECT_CONVERSION = YES_AGGRESSIVE;
				CLANG_CXX_LANGUAGE_STANDARD = "gnu++20";
				CLANG_ENABLE_MODULES = YES;
				CLANG_ENABLE_OBJC_ARC = YES;
				CLANG_ENABLE_OBJC_WEAK = YES;
				CLANG_WARN_BLOCK_CAPTURE_AUTORELEASING = YES;
				CLANG_WARN_BOOL_CONVERSION = YES;
				CLANG_WARN_COMMA = YES;
				CLANG_WARN_CONSTANT_CONVERSION = YES;
				CLANG_WARN_DEPRECATED_OBJC_IMPLEMENTATIONS = YES;
				CLANG_WARN_DIRECT_OBJC_ISA_USAGE = YES_ERROR;
				CLANG_WARN_DOCUMENTATION_COMMENTS = YES;
				CLANG_WARN_EMPTY_BODY = YES;
				CLANG_WARN_ENUM_CONVERSION = YES;
				CLANG_WARN_INFINITE_RECURSION = YES;
				CLANG_WARN_INT_CONVERSION = YES;
				CLANG_WARN_NON_LITERAL_NULL_CONVERSION = YES;
				CLANG_WARN_OBJC_IMPLICIT_RETAIN_SELF = YES;
				CLANG_WARN_OBJC_LITERAL_CONVERSION = YES;
				CLANG_WARN_OBJC_ROOT_CLASS = YES_ERROR;
				CLANG_WARN_QUOTED_INCLUDE_IN_FRAMEWORK_HEADER = YES;
				CLANG_WARN_RANGE_LOOP_ANALYSIS = YES;
				CLANG_WARN_STRICT_PROTOTYPES = YES;
				CLANG_WARN_SUSPICIOUS_MOVE = YES;
				CLANG_WARN_UNGUARDED_AVAILABILITY = YES_AGGRESSIVE;
				CLANG_WARN_UNREACHABLE_CODE = YES;
				CLANG_WARN__DUPLICATE_METHOD_MATCH = YES;
				COPY_PHASE_STRIP = NO;
				DEBUG_INFORMATION_FORMAT = "dwarf-with-dsym";
				DEVELOPMENT_TEAM = 532LKBA8VZ;
				ENABLE_NS_ASSERTIONS = NO;
				ENABLE_STRICT_OBJC_MSGSEND = YES;
				ENABLE_USER_SCRIPT_SANDBOXING = YES;
				GCC_C_LANGUAGE_STANDARD = gnu17;
				GCC_NO_COMMON_BLOCKS = YES;
				GCC_WARN_64_TO_32_BIT_CONVERSION = YES;
				GCC_WARN_ABOUT_RETURN_TYPE = YES_ERROR;
				GCC_WARN_UNDECLARED_SELECTOR = YES;
				GCC_WARN_UNINITIALIZED_AUTOS = YES_AGGRESSIVE;
				GCC_WARN_UNUSED_FUNCTION = YES;
				GCC_WARN_UNUSED_VARIABLE = YES;
				IPHONEOS_DEPLOYMENT_TARGET = 26.0;
				LOCALIZATION_PREFERS_STRING_CATALOGS = YES;
				MTL_ENABLE_DEBUG_INFO = NO;
				MTL_FAST_MATH = YES;
				SDKROOT = iphoneos;
				SWIFT_COMPILATION_MODE = wholemodule;
				VALIDATE_PRODUCT = YES;
			};
			name = Release;
		};
		95A8A0D02F2B522400A85399 /* Debug */ = {
			isa = XCBuildConfiguration;
			buildSettings = {
				ASSETCATALOG_COMPILER_APPICON_NAME = AppIcon;
				ASSETCATALOG_COMPILER_GLOBAL_ACCENT_COLOR_NAME = AccentColor;
				CODE_SIGN_STYLE = Automatic;
				CURRENT_PROJECT_VERSION = 1;
				DEVELOPMENT_TEAM = 7YHB7894PL;
				ENABLE_PREVIEWS = YES;
				GENERATE_INFOPLIST_FILE = YES;
				INFOPLIST_FILE = AlNaham/Info.plist;
				INFOPLIST_KEY_UIApplicationSceneManifest_Generation = YES;
				INFOPLIST_KEY_UIApplicationSupportsIndirectInputEvents = YES;
				INFOPLIST_KEY_UILaunchScreen_Generation = YES;
				INFOPLIST_KEY_UISupportedInterfaceOrientations_iPad = "UIInterfaceOrientationPortrait UIInterfaceOrientationPortraitUpsideDown UIInterfaceOrientationLandscapeLeft UIInterfaceOrientationLandscapeRight";
				INFOPLIST_KEY_UISupportedInterfaceOrientations_iPhone = "UIInterfaceOrientationPortrait UIInterfaceOrientationLandscapeLeft UIInterfaceOrientationLandscapeRight";
				LD_RUNPATH_SEARCH_PATHS = (
					"$(inherited)",
					"@executable_path/Frameworks",
				);
				MARKETING_VERSION = 1.0;
				PRODUCT_BUNDLE_IDENTIFIER = com.ruru.AlNaham;
				PRODUCT_NAME = "$(TARGET_NAME)";
				STRING_CATALOG_GENERATE_SYMBOLS = YES;
				SWIFT_APPROACHABLE_CONCURRENCY = YES;
				SWIFT_DEFAULT_ACTOR_ISOLATION = MainActor;
				SWIFT_EMIT_LOC_STRINGS = YES;
				SWIFT_UPCOMING_FEATURE_MEMBER_IMPORT_VISIBILITY = YES;
				SWIFT_VERSION = 5.0;
				TARGETED_DEVICE_FAMILY = "1,2";
			};
			name = Debug;
		};
		95A8A0D12F2B522400A85399 /* Release */ = {
			isa = XCBuildConfiguration;
			buildSettings = {
				ASSETCATALOG_COMPILER_APPICON_NAME = AppIcon;
				ASSETCATALOG_COMPILER_GLOBAL_ACCENT_COLOR_NAME = AccentColor;
				CODE_SIGN_STYLE = Automatic;
				CURRENT_PROJECT_VERSION = 1;
				DEVELOPMENT_TEAM = 7YHB7894PL;
				ENABLE_PREVIEWS = YES;
				GENERATE_INFOPLIST_FILE = YES;
				INFOPLIST_FILE = AlNaham/Info.plist;
				INFOPLIST_KEY_UIApplicationSceneManifest_Generation = YES;
				INFOPLIST_KEY_UIApplicationSupportsIndirectInputEvents = YES;
				INFOPLIST_KEY_UILaunchScreen_Generation = YES;
				INFOPLIST_KEY_UISupportedInterfaceOrientations_iPad = "UIInterfaceOrientationPortrait UIInterfaceOrientationPortraitUpsideDown UIInterfaceOrientationLandscapeLeft UIInterfaceOrientationLandscapeRight";
				INFOPLIST_KEY_UISupportedInterfaceOrientations_iPhone = "UIInterfaceOrientationPortrait UIInterfaceOrientationLandscapeLeft UIInterfaceOrientationLandscapeRight";
				LD_RUNPATH_SEARCH_PATHS = (
					"$(inherited)",
					"@executable_path/Frameworks",
				);
				MARKETING_VERSION = 1.0;
				PRODUCT_BUNDLE_IDENTIFIER = com.ruru.AlNaham;
				PRODUCT_NAME = "$(TARGET_NAME)";
				STRING_CATALOG_GENERATE_SYMBOLS = YES;
				SWIFT_APPROACHABLE_CONCURRENCY = YES;
				SWIFT_DEFAULT_ACTOR_ISOLATION = MainActor;
				SWIFT_EMIT_LOC_STRINGS = YES;
				SWIFT_UPCOMING_FEATURE_MEMBER_IMPORT_VISIBILITY = YES;
				SWIFT_VERSION = 5.0;
				TARGETED_DEVICE_FAMILY = "1,2";
			};
			name = Release;
		};
		95A8A0D32F2B522400A85399 /* Debug */ = {
			isa = XCBuildConfiguration;
			buildSettings = {
				BUNDLE_LOADER = "$(TEST_HOST)";
				CODE_SIGN_STYLE = Automatic;
				CURRENT_PROJECT_VERSION = 1;
				DEVELOPMENT_TEAM = 7YHB7894PL;
				GENERATE_INFOPLIST_FILE = YES;
				IPHONEOS_DEPLOYMENT_TARGET = 26.0;
				MARKETING_VERSION = 1.0;
				PRODUCT_BUNDLE_IDENTIFIER = com.ruru.AlNahamTests;
				PRODUCT_NAME = "$(TARGET_NAME)";
				STRING_CATALOG_GENERATE_SYMBOLS = NO;
				SWIFT_APPROACHABLE_CONCURRENCY = YES;
				SWIFT_EMIT_LOC_STRINGS = NO;
				SWIFT_UPCOMING_FEATURE_MEMBER_IMPORT_VISIBILITY = YES;
				SWIFT_VERSION = 5.0;
				TARGETED_DEVICE_FAMILY = "1,2";
				TEST_HOST = "$(BUILT_PRODUCTS_DIR)/AlNaham.app/$(BUNDLE_EXECUTABLE_FOLDER_PATH)/AlNaham";
			};
			name = Debug;
		};
		95A8A0D42F2B522400A85399 /* Release */ = {
			isa = XCBuildConfiguration;
			buildSettings = {
				BUNDLE_LOADER = "$(TEST_HOST)";
				CODE_SIGN_STYLE = Automatic;
				CURRENT_PROJECT_VERSION = 1;
				DEVELOPMENT_TEAM = 7YHB7894PL;
				GENERATE_INFOPLIST_FILE = YES;
				IPHONEOS_DEPLOYMENT_TARGET = 26.0;
				MARKETING_VERSION = 1.0;
				PRODUCT_BUNDLE_IDENTIFIER = com.ruru.AlNahamTests;
				PRODUCT_NAME = "$(TARGET_NAME)";
				STRING_CATALOG_GENERATE_SYMBOLS = NO;
				SWIFT_APPROACHABLE_CONCURRENCY = YES;
				SWIFT_EMIT_LOC_STRINGS = NO;
				SWIFT_UPCOMING_FEATURE_MEMBER_IMPORT_VISIBILITY = YES;
				SWIFT_VERSION = 5.0;
				TARGETED_DEVICE_FAMILY = "1,2";
				TEST_HOST = "$(BUILT_PRODUCTS_DIR)/AlNaham.app/$(BUNDLE_EXECUTABLE_FOLDER_PATH)/AlNaham";
			};
			name = Release;
		};
		95A8A0D62F2B522400A85399 /* Debug */ = {
			isa = XCBuildConfiguration;
			buildSettings = {
				CODE_SIGN_STYLE = Automatic;
				CURRENT_PROJECT_VERSION = 1;
				DEVELOPMENT_TEAM = 7YHB7894PL;
				GENERATE_INFOPLIST_FILE = YES;
				MARKETING_VERSION = 1.0;
				PRODUCT_BUNDLE_IDENTIFIER = com.ruru.AlNahamUITests;
				PRODUCT_NAME = "$(TARGET_NAME)";
				STRING_CATALOG_GENERATE_SYMBOLS = NO;
				SWIFT_APPROACHABLE_CONCURRENCY = YES;
				SWIFT_EMIT_LOC_STRINGS = NO;
				SWIFT_UPCOMING_FEATURE_MEMBER_IMPORT_VISIBILITY = YES;
				SWIFT_VERSION = 5.0;
				TARGETED_DEVICE_FAMILY = "1,2";
				TEST_TARGET_NAME = AlNaham;
			};
			name = Debug;
		};
		95A8A0D72F2B522400A85399 /* Release */ = {
			isa = XCBuildConfiguration;
			buildSettings = {
				CODE_SIGN_STYLE = Automatic;
				CURRENT_PROJECT_VERSION = 1;
				DEVELOPMENT_TEAM = 7YHB7894PL;
				GENERATE_INFOPLIST_FILE = YES;
				MARKETING_VERSION = 1.0;
				PRODUCT_BUNDLE_IDENTIFIER = com.ruru.AlNahamUITests;
				PRODUCT_NAME = "$(TARGET_NAME)";
				STRING_CATALOG_GENERATE_SYMBOLS = NO;
				SWIFT_APPROACHABLE_CONCURRENCY = YES;
				SWIFT_EMIT_LOC_STRINGS = NO;
				SWIFT_UPCOMING_FEATURE_MEMBER_IMPORT_VISIBILITY = YES;
				SWIFT_VERSION = 5.0;
				TARGETED_DEVICE_FAMILY = "1,2";
				TEST_TARGET_NAME = AlNaham;
			};
			name = Release;
		};
/* End XCBuildConfiguration section */

/* Begin XCConfigurationList section */
		95A8A0A92F2B522400A85399 /* Build configuration list for PBXProject "AlNaham" */ = {
			isa = XCConfigurationList;
			buildConfigurations = (
				95A8A0CD2F2B522400A85399 /* Debug */,
				95A8A0CE2F2B522400A85399 /* Release */,
			);
			defaultConfigurationIsVisible = 0;
			defaultConfigurationName = Release;
		};
		95A8A0CF2F2B522400A85399 /* Build configuration list for PBXNativeTarget "AlNaham" */ = {
			isa = XCConfigurationList;
			buildConfigurations = (
				95A8A0D02F2B522400A85399 /* Debug */,
				95A8A0D12F2B522400A85399 /* Release */,
			);
			defaultConfigurationIsVisible = 0;
			defaultConfigurationName = Release;
		};
		95A8A0D22F2B522400A85399 /* Build configuration list for PBXNativeTarget "AlNahamTests" */ = {
			isa = XCConfigurationList;
			buildConfigurations = (
				95A8A0D32F2B522400A85399 /* Debug */,
				95A8A0D42F2B522400A85399 /* Release */,
			);
			defaultConfigurationIsVisible = 0;
			defaultConfigurationName = Release;
		};
		95A8A0D52F2B522400A85399 /* Build configuration list for PBXNativeTarget "AlNahamUITests" */ = {
			isa = XCConfigurationList;
			buildConfigurations = (
				95A8A0D62F2B522400A85399 /* Debug */,
				95A8A0D72F2B522400A85399 /* Release */,
			);
			defaultConfigurationIsVisible = 0;
			defaultConfigurationName = Release;
		};
/* End XCConfigurationList section */
	};
	rootObject = 95A8A0A62F2B522400A85399 /* Project object */;
}
